
Microsoft Visual Studio Solution File, Format Version 12.00
# Visual Studio Version 17
VisualStudioVersion = 17.2.32630.192
MinimumVisualStudioVersion = 10.0.40219.1
Project("{9A19103F-16F7-4668-BE54-9A1E7A4F7556}") = "TaskLibrary", "TaskLibrary.csproj", "{5C4C85AA-E6D8-4F2B-8EAD-13C22E982BB4}"
EndProject
Project("{9A19103F-16F7-4668-BE54-9A1E7A4F7556}") = "TestProject", "..\TestProject1\TestProject.csproj", "{43BD1807-82B8-4267-930D-79CE088351DC}"
EndProject
Global
	GlobalSection(SolutionConfigurationPlatforms) = preSolution
		Debug|Any CPU = Debug|Any CPU
		Release|Any CPU = Release|Any CPU
	EndGlobalSection
	GlobalSection(ProjectConfigurationPlatforms) = postSolution
		{5C4C85AA-E6D8-4F2B-8EAD-13C22E982BB4}.Debug|Any CPU.ActiveCfg = Debug|Any CPU
		{5C4C85AA-E6D8-4F2B-8EAD-13C22E982BB4}.Debug|Any CPU.Build.0 = Debug|Any CPU
		{5C4C85AA-E6D8-4F2B-8EAD-13C22E982BB4}.Release|Any CPU.ActiveCfg = Release|Any CPU
		{5C4C85AA-E6D8-4F2B-8EAD-13C22E982BB4}.Release|Any CPU.Build.0 = Release|Any CPU
		{43BD1807-82B8-4267-930D-79CE088351DC}.Debug|Any CPU.ActiveCfg = Debug|Any CPU
		{43BD1807-82B8-4267-930D-79CE088351DC}.Debug|Any CPU.Build.0 = Debug|Any CPU
		{43BD1807-82B8-4267-930D-79CE088351DC}.Release|Any CPU.ActiveCfg = Release|Any CPU
		{43BD1807-82B8-4267-930D-79CE088351DC}.Release|Any CPU.Build.0 = Release|Any CPU
	EndGlobalSection
	GlobalSection(SolutionProperties) = preSolution
		HideSolutionNode = FALSE
	EndGlobalSection
	GlobalSection(ExtensibilityGlobals) = postSolution
		SolutionGuid = {34664633-163E-4EB2-A6BC-AA6ABB2205F5}
	EndGlobalSection
EndGlobal
